{
  "requires": true,
  "lockfileVersion": 1,
  "dependencies": {
    "angular": {
      "version": "1.6.5",
      "resolved": "https://registry.npmjs.org/angular/-/angular-1.6.5.tgz",
      "integrity": "sha1-N/eI7r7Fzi4/oCsXu8sqIxV2oNY="
    },
    "moment": {
      "version": "2.18.1",
      "resolved": "https://registry.npmjs.org/moment/-/moment-2.18.1.tgz",
      "integrity": "sha1-w2GT3Tzhwu7SrbfIAtu8d6gbHA8="
    },
    "multiple-date-picker": {
      "version": "2.1.2",
      "resolved": "https://registry.npmjs.org/multiple-date-picker/-/multiple-date-picker-2.1.2.tgz",
      "integrity": "sha1-v8ILE1f7NU3aDZZ3hx+o3lcr7W0=",
      "requires": {
        "angular": "1.6.5",
        "moment": "2.18.1"
      }
    }
  }
}
